version = 1
revision = 1
requires-python = ">=3.12, <4"

[[package]]
name = "bcrypt"
version = "4.2.0"
source = { registry = "https://pypi.org/simple" }
sdist = { url = "https://files.pythonhosted.org/packages/e4/7e/d95e7d96d4828e965891af92e43b52a4cd3395dc1c1ef4ee62748d0471d0/bcrypt-4.2.0.tar.gz", hash = "sha256:cf69eaf5185fd58f268f805b505ce31f9b9fc2d64b376642164e9244540c1221", size = 24294 }
wheels = [
    { url = "https://files.pythonhosted.org/packages/a9/81/4e8f5bc0cd947e91fb720e1737371922854da47a94bc9630454e7b2845f8/bcrypt-4.2.0-cp37-abi3-macosx_10_12_universal2.whl", hash = "sha256:096a15d26ed6ce37a14c1ac1e48119660f21b24cba457f160a4b830f3fe6b5cb", size = 471568 },
    { url = "https://files.pythonhosted.org/packages/05/d2/1be1e16aedec04bcf8d0156e01b987d16a2063d38e64c3f28030a3427d61/bcrypt-4.2.0-cp37-abi3-manylinux_2_17_aarch64.manylinux2014_aarch64.whl", hash = "sha256:c02d944ca89d9b1922ceb8a46460dd17df1ba37ab66feac4870f6862a1533c00", size = 277372 },
    { url = "https://files.pythonhosted.org/packages/e3/96/7a654027638ad9b7589effb6db77eb63eba64319dfeaf9c0f4ca953e5f76/bcrypt-4.2.0-cp37-abi3-manylinux_2_17_x86_64.manylinux2014_x86_64.whl", hash = "sha256:1d84cf6d877918620b687b8fd1bf7781d11e8a0998f576c7aa939776b512b98d", size = 273488 },
    { url = "https://files.pythonhosted.org/packages/46/54/dc7b58abeb4a3d95bab653405935e27ba32f21b812d8ff38f271fb6f7f55/bcrypt-4.2.0-cp37-abi3-manylinux_2_28_aarch64.whl", hash = "sha256:1bb429fedbe0249465cdd85a58e8376f31bb315e484f16e68ca4c786dcc04291", size = 277759 },
    { url = "https://files.pythonhosted.org/packages/ac/be/da233c5f11fce3f8adec05e8e532b299b64833cc962f49331cdd0e614fa9/bcrypt-4.2.0-cp37-abi3-manylinux_2_28_x86_64.whl", hash = "sha256:655ea221910bcac76ea08aaa76df427ef8625f92e55a8ee44fbf7753dbabb328", size = 273796 },
    { url = "https://files.pythonhosted.org/packages/b0/b8/8b4add88d55a263cf1c6b8cf66c735280954a04223fcd2880120cc767ac3/bcrypt-4.2.0-cp37-abi3-musllinux_1_1_aarch64.whl", hash = "sha256:1ee38e858bf5d0287c39b7a1fc59eec64bbf880c7d504d3a06a96c16e14058e7", size = 311082 },
    { url = "https://files.pythonhosted.org/packages/7b/76/2aa660679abbdc7f8ee961552e4bb6415a81b303e55e9374533f22770203/bcrypt-4.2.0-cp37-abi3-musllinux_1_1_x86_64.whl", hash = "sha256:0da52759f7f30e83f1e30a888d9163a81353ef224d82dc58eb5bb52efcabc399", size = 305912 },
    { url = "https://files.pythonhosted.org/packages/00/03/2af7c45034aba6002d4f2b728c1a385676b4eab7d764410e34fd768009f2/bcrypt-4.2.0-cp37-abi3-musllinux_1_2_aarch64.whl", hash = "sha256:3698393a1b1f1fd5714524193849d0c6d524d33523acca37cd28f02899285060", size = 325185 },
    { url = "https://files.pythonhosted.org/packages/dc/5d/6843443ce4ab3af40bddb6c7c085ed4a8418b3396f7a17e60e6d9888416c/bcrypt-4.2.0-cp37-abi3-musllinux_1_2_x86_64.whl", hash = "sha256:762a2c5fb35f89606a9fde5e51392dad0cd1ab7ae64149a8b935fe8d79dd5ed7", size = 335188 },
    { url = "https://files.pythonhosted.org/packages/cb/4c/ff8ca83d816052fba36def1d24e97d9a85739b9bbf428c0d0ecd296a07c8/bcrypt-4.2.0-cp37-abi3-win32.whl", hash = "sha256:5a1e8aa9b28ae28020a3ac4b053117fb51c57a010b9f969603ed885f23841458", size = 156481 },
    { url = "https://files.pythonhosted.org/packages/65/f1/e09626c88a56cda488810fb29d5035f1662873777ed337880856b9d204ae/bcrypt-4.2.0-cp37-abi3-win_amd64.whl", hash = "sha256:8f6ede91359e5df88d1f5c1ef47428a4420136f3ce97763e31b86dd8280fbdf5", size = 151336 },
    { url = "https://files.pythonhosted.org/packages/96/86/8c6a84daed4dd878fbab094400c9174c43d9b838ace077a2f8ee8bc3ae12/bcrypt-4.2.0-cp39-abi3-macosx_10_12_universal2.whl", hash = "sha256:c52aac18ea1f4a4f65963ea4f9530c306b56ccd0c6f8c8da0c06976e34a6e841", size = 472414 },
    { url = "https://files.pythonhosted.org/packages/f6/05/e394515f4e23c17662e5aeb4d1859b11dc651be01a3bd03c2e919a155901/bcrypt-4.2.0-cp39-abi3-manylinux_2_17_aarch64.manylinux2014_aarch64.whl", hash = "sha256:3bbbfb2734f0e4f37c5136130405332640a1e46e6b23e000eeff2ba8d005da68", size = 277599 },
    { url = "https://files.pythonhosted.org/packages/4b/3b/ad784eac415937c53da48983756105d267b91e56aa53ba8a1b2014b8d930/bcrypt-4.2.0-cp39-abi3-manylinux_2_17_x86_64.manylinux2014_x86_64.whl", hash = "sha256:3413bd60460f76097ee2e0a493ccebe4a7601918219c02f503984f0a7ee0aebe", size = 273491 },
    { url = "https://files.pythonhosted.org/packages/cc/14/b9ff8e0218bee95e517b70e91130effb4511e8827ac1ab00b4e30943a3f6/bcrypt-4.2.0-cp39-abi3-manylinux_2_28_aarch64.whl", hash = "sha256:8d7bb9c42801035e61c109c345a28ed7e84426ae4865511eb82e913df18f58c2", size = 277934 },
    { url = "https://files.pythonhosted.org/packages/3e/d0/31938bb697600a04864246acde4918c4190a938f891fd11883eaaf41327a/bcrypt-4.2.0-cp39-abi3-manylinux_2_28_x86_64.whl", hash = "sha256:3d3a6d28cb2305b43feac298774b997e372e56c7c7afd90a12b3dc49b189151c", size = 273804 },
    { url = "https://files.pythonhosted.org/packages/e7/c3/dae866739989e3f04ae304e1201932571708cb292a28b2f1b93283e2dcd8/bcrypt-4.2.0-cp39-abi3-musllinux_1_1_aarch64.whl", hash = "sha256:9c1c4ad86351339c5f320ca372dfba6cb6beb25e8efc659bedd918d921956bae", size = 311275 },
    { url = "https://files.pythonhosted.org/packages/5d/2c/019bc2c63c6125ddf0483ee7d914a405860327767d437913942b476e9c9b/bcrypt-4.2.0-cp39-abi3-musllinux_1_1_x86_64.whl", hash = "sha256:27fe0f57bb5573104b5a6de5e4153c60814c711b29364c10a75a54bb6d7ff48d", size = 306355 },
    { url = "https://files.pythonhosted.org/packages/75/fe/9e137727f122bbe29771d56afbf4e0dbc85968caa8957806f86404a5bfe1/bcrypt-4.2.0-cp39-abi3-musllinux_1_2_aarch64.whl", hash = "sha256:8ac68872c82f1add6a20bd489870c71b00ebacd2e9134a8aa3f98a0052ab4b0e", size = 325381 },
    { url = "https://files.pythonhosted.org/packages/1a/d4/586b9c18a327561ea4cd336ff4586cca1a7aa0f5ee04e23a8a8bb9ca64f1/bcrypt-4.2.0-cp39-abi3-musllinux_1_2_x86_64.whl", hash = "sha256:cb2a8ec2bc07d3553ccebf0746bbf3d19426d1c6d1adbd4fa48925f66af7b9e8", size = 335685 },
    { url = "https://files.pythonhosted.org/packages/24/55/1a7127faf4576138bb278b91e9c75307490178979d69c8e6e273f74b974f/bcrypt-4.2.0-cp39-abi3-win32.whl", hash = "sha256:77800b7147c9dc905db1cba26abe31e504d8247ac73580b4aa179f98e6608f34", size = 155857 },
    { url = "https://files.pythonhosted.org/packages/1c/2a/c74052e54162ec639266d91539cca7cbf3d1d3b8b36afbfeaee0ea6a1702/bcrypt-4.2.0-cp39-abi3-win_amd64.whl", hash = "sha256:61ed14326ee023917ecd093ee6ef422a72f3aec6f07e21ea5f10622b735538a9", size = 151717 },
]

[[package]]
name = "cffi"
version = "1.17.0"
source = { registry = "https://pypi.org/simple" }
dependencies = [
    { name = "pycparser" },
]
sdist = { url = "https://files.pythonhosted.org/packages/1e/bf/82c351342972702867359cfeba5693927efe0a8dd568165490144f554b18/cffi-1.17.0.tar.gz", hash = "sha256:f3157624b7558b914cb039fd1af735e5e8049a87c817cc215109ad1c8779df76", size = 516073 }
wheels = [
    { url = "https://files.pythonhosted.org/packages/1a/1f/7862231350cc959a3138889d2c8d33da7042b22e923457dfd4cd487d772a/cffi-1.17.0-cp312-cp312-macosx_10_9_x86_64.whl", hash = "sha256:aec510255ce690d240f7cb23d7114f6b351c733a74c279a84def763660a2c3bc", size = 182826 },
    { url = "https://files.pythonhosted.org/packages/8b/8c/26119bf8b79e05a1c39812064e1ee7981e1f8a5372205ba5698ea4dd958d/cffi-1.17.0-cp312-cp312-macosx_11_0_arm64.whl", hash = "sha256:2770bb0d5e3cc0e31e7318db06efcbcdb7b31bcb1a70086d3177692a02256f59", size = 178494 },
    { url = "https://files.pythonhosted.org/packages/61/94/4882c47d3ad396d91f0eda6ef16d45be3d752a332663b7361933039ed66a/cffi-1.17.0-cp312-cp312-manylinux_2_12_i686.manylinux2010_i686.manylinux_2_17_i686.manylinux2014_i686.whl", hash = "sha256:db9a30ec064129d605d0f1aedc93e00894b9334ec74ba9c6bdd08147434b33eb", size = 454459 },
    { url = "https://files.pythonhosted.org/packages/0f/7c/a6beb119ad515058c5ee1829742d96b25b2b9204ff920746f6e13bf574eb/cffi-1.17.0-cp312-cp312-manylinux_2_17_aarch64.manylinux2014_aarch64.whl", hash = "sha256:a47eef975d2b8b721775a0fa286f50eab535b9d56c70a6e62842134cf7841195", size = 478502 },
    { url = "https://files.pythonhosted.org/packages/61/8a/2575cd01a90e1eca96a30aec4b1ac101a6fae06c49d490ac2704fa9bc8ba/cffi-1.17.0-cp312-cp312-manylinux_2_17_ppc64le.manylinux2014_ppc64le.whl", hash = "sha256:f3e0992f23bbb0be00a921eae5363329253c3b86287db27092461c887b791e5e", size = 485381 },
    { url = "https://files.pythonhosted.org/packages/cd/66/85899f5a9f152db49646e0c77427173e1b77a1046de0191ab3b0b9a5e6e3/cffi-1.17.0-cp312-cp312-manylinux_2_17_s390x.manylinux2014_s390x.whl", hash = "sha256:6107e445faf057c118d5050560695e46d272e5301feffda3c41849641222a828", size = 470907 },
    { url = "https://files.pythonhosted.org/packages/00/13/150924609bf377140abe6e934ce0a57f3fc48f1fd956ec1f578ce97a4624/cffi-1.17.0-cp312-cp312-manylinux_2_17_x86_64.manylinux2014_x86_64.whl", hash = "sha256:eb862356ee9391dc5a0b3cbc00f416b48c1b9a52d252d898e5b7696a5f9fe150", size = 479074 },
    { url = "https://files.pythonhosted.org/packages/17/fd/7d73d7110155c036303b0a6462c56250e9bc2f4119d7591d27417329b4d1/cffi-1.17.0-cp312-cp312-musllinux_1_1_aarch64.whl", hash = "sha256:c1c13185b90bbd3f8b5963cd8ce7ad4ff441924c31e23c975cb150e27c2bf67a", size = 484225 },
    { url = "https://files.pythonhosted.org/packages/fc/83/8353e5c9b01bb46332dac3dfb18e6c597a04ceb085c19c814c2f78a8c0d0/cffi-1.17.0-cp312-cp312-musllinux_1_1_x86_64.whl", hash = "sha256:17c6d6d3260c7f2d94f657e6872591fe8733872a86ed1345bda872cfc8c74885", size = 488388 },
    { url = "https://files.pythonhosted.org/packages/73/0c/f9d5ca9a095b1fc88ef77d1f8b85d11151c374144e4606da33874e17b65b/cffi-1.17.0-cp312-cp312-win32.whl", hash = "sha256:c3b8bd3133cd50f6b637bb4322822c94c5ce4bf0d724ed5ae70afce62187c492", size = 172096 },
    { url = "https://files.pythonhosted.org/packages/72/21/8c5d285fe20a6e31d29325f1287bb0e55f7d93630a5a44cafdafb5922495/cffi-1.17.0-cp312-cp312-win_amd64.whl", hash = "sha256:dca802c8db0720ce1c49cce1149ff7b06e91ba15fa84b1d59144fef1a1bc7ac2", size = 181478 },
    { url = "https://files.pythonhosted.org/packages/17/8f/581f2f3c3464d5f7cf87c2f7a5ba9acc6976253e02d73804240964243ec2/cffi-1.17.0-cp313-cp313-macosx_10_13_x86_64.whl", hash = "sha256:6ce01337d23884b21c03869d2f68c5523d43174d4fc405490eb0091057943118", size = 182638 },
    { url = "https://files.pythonhosted.org/packages/8d/1c/c9afa66684b7039f48018eb11b229b659dfb32b7a16b88251bac106dd1ff/cffi-1.17.0-cp313-cp313-macosx_11_0_arm64.whl", hash = "sha256:cab2eba3830bf4f6d91e2d6718e0e1c14a2f5ad1af68a89d24ace0c6b17cced7", size = 178453 },
    { url = "https://files.pythonhosted.org/packages/cc/b6/1a134d479d3a5a1ff2fabbee551d1d3f1dd70f453e081b5f70d604aae4c0/cffi-1.17.0-cp313-cp313-manylinux_2_12_i686.manylinux2010_i686.manylinux_2_17_i686.manylinux2014_i686.whl", hash = "sha256:14b9cbc8f7ac98a739558eb86fabc283d4d564dafed50216e7f7ee62d0d25377", size = 454441 },
    { url = "https://files.pythonhosted.org/packages/b1/b4/e1569475d63aad8042b0935dbf62ae2a54d1e9142424e2b0e924d2d4a529/cffi-1.17.0-cp313-cp313-manylinux_2_17_aarch64.manylinux2014_aarch64.whl", hash = "sha256:b00e7bcd71caa0282cbe3c90966f738e2db91e64092a877c3ff7f19a1628fdcb", size = 478543 },
    { url = "https://files.pythonhosted.org/packages/d2/40/a9ad03fbd64309dec5bb70bc803a9a6772602de0ee164d7b9a6ca5a89249/cffi-1.17.0-cp313-cp313-manylinux_2_17_ppc64le.manylinux2014_ppc64le.whl", hash = "sha256:41f4915e09218744d8bae14759f983e466ab69b178de38066f7579892ff2a555", size = 485463 },
    { url = "https://files.pythonhosted.org/packages/a6/1a/f10be60e006dd9242a24bcc2b1cd55c34c578380100f742d8c610f7a5d26/cffi-1.17.0-cp313-cp313-manylinux_2_17_s390x.manylinux2014_s390x.whl", hash = "sha256:e4760a68cab57bfaa628938e9c2971137e05ce48e762a9cb53b76c9b569f1204", size = 470854 },
    { url = "https://files.pythonhosted.org/packages/cc/b3/c035ed21aa3d39432bd749fe331ee90e4bc83ea2dbed1f71c4bc26c41084/cffi-1.17.0-cp313-cp313-manylinux_2_17_x86_64.manylinux2014_x86_64.whl", hash = "sha256:011aff3524d578a9412c8b3cfaa50f2c0bd78e03eb7af7aa5e0df59b158efb2f", size = 479096 },
    { url = "https://files.pythonhosted.org/packages/00/cb/6f7edde01131de9382c89430b8e253b8c8754d66b63a62059663ceafeab2/cffi-1.17.0-cp313-cp313-musllinux_1_1_aarch64.whl", hash = "sha256:a003ac9edc22d99ae1286b0875c460351f4e101f8c9d9d2576e78d7e048f64e0", size = 484013 },
    { url = "https://files.pythonhosted.org/packages/b9/83/8e4e8c211ea940210d293e951bf06b1bfb90f2eeee590e9778e99b4a8676/cffi-1.17.0-cp313-cp313-musllinux_1_1_x86_64.whl", hash = "sha256:ef9528915df81b8f4c7612b19b8628214c65c9b7f74db2e34a646a0a2a0da2d4", size = 488119 },
    { url = "https://files.pythonhosted.org/packages/5e/52/3f7cfbc4f444cb4f73ff17b28690d12436dde665f67d68f1e1687908ab6c/cffi-1.17.0-cp313-cp313-win32.whl", hash = "sha256:70d2aa9fb00cf52034feac4b913181a6e10356019b18ef89bc7c12a283bf5f5a", size = 172122 },
    { url = "https://files.pythonhosted.org/packages/94/19/cf5baa07ee0f0e55eab7382459fbddaba0fdb0ba45973dd92556ae0d02db/cffi-1.17.0-cp313-cp313-win_amd64.whl", hash = "sha256:b7b6ea9e36d32582cda3465f54c4b454f62f23cb083ebc7a94e2ca6ef011c3a7", size = 181504 },
]

[[package]]
name = "colorama"
version = "0.4.6"
source = { registry = "https://pypi.org/simple" }
sdist = { url = "https://files.pythonhosted.org/packages/d8/53/6f443c9a4a8358a93a6792e2acffb9d9d5cb0a5cfd8802644b7b1c9a02e4/colorama-0.4.6.tar.gz", hash = "sha256:08695f5cb7ed6e0531a20572697297273c47b8cae5a63ffc6d6ed5c201be6e44", size = 27697 }
wheels = [
    { url = "https://files.pythonhosted.org/packages/d1/d6/3965ed04c63042e047cb6a3e6ed1a63a35087b6a609aa3a15ed8ac56c221/colorama-0.4.6-py2.py3-none-any.whl", hash = "sha256:4f1d9991f5acc0ca119f9d443620b77f9d6b33703e51011c16baf57afb285fc6", size = 25335 },
]

[[package]]
name = "cryptography"
version = "43.0.0"
source = { registry = "https://pypi.org/simple" }
dependencies = [
    { name = "cffi", marker = "platform_python_implementation != 'PyPy'" },
]
sdist = { url = "https://files.pythonhosted.org/packages/69/ec/9fb9dcf4f91f0e5e76de597256c43eedefd8423aa59be95c70c4c3db426a/cryptography-43.0.0.tar.gz", hash = "sha256:b88075ada2d51aa9f18283532c9f60e72170041bba88d7f37e49cbb10275299e", size = 686873 }
wheels = [
    { url = "https://files.pythonhosted.org/packages/d3/46/dcd2eb6840b9452e7fbc52720f3dc54a85eb41e68414733379e8f98e3275/cryptography-43.0.0-cp37-abi3-macosx_10_9_universal2.whl", hash = "sha256:64c3f16e2a4fc51c0d06af28441881f98c5d91009b8caaff40cf3548089e9c74", size = 6239718 },
    { url = "https://files.pythonhosted.org/packages/e8/23/b0713319edff1d8633775b354f8b34a476e4dd5f4cd4b91e488baec3361a/cryptography-43.0.0-cp37-abi3-manylinux_2_17_aarch64.manylinux2014_aarch64.whl", hash = "sha256:3dcdedae5c7710b9f97ac6bba7e1052b95c7083c9d0e9df96e02a1932e777895", size = 3808466 },
    { url = "https://files.pythonhosted.org/packages/77/9d/0b98c73cebfd41e4fb0439fe9ce08022e8d059f51caa7afc8934fc1edcd9/cryptography-43.0.0-cp37-abi3-manylinux_2_17_x86_64.manylinux2014_x86_64.whl", hash = "sha256:3d9a1eca329405219b605fac09ecfc09ac09e595d6def650a437523fcd08dd22", size = 3998060 },
    { url = "https://files.pythonhosted.org/packages/ae/71/e073795d0d1624847f323481f7d84855f699172a632aa37646464b0e1712/cryptography-43.0.0-cp37-abi3-manylinux_2_28_aarch64.whl", hash = "sha256:ea9e57f8ea880eeea38ab5abf9fbe39f923544d7884228ec67d666abd60f5a47", size = 3792596 },
    { url = "https://files.pythonhosted.org/packages/83/25/439a8ddd8058e7f898b7d27c36f94b66c8c8a2d60e1855d725845f4be0bc/cryptography-43.0.0-cp37-abi3-manylinux_2_28_x86_64.whl", hash = "sha256:9a8d6802e0825767476f62aafed40532bd435e8a5f7d23bd8b4f5fd04cc80ecf", size = 4008355 },
    { url = "https://files.pythonhosted.org/packages/c7/a2/1607f1295eb2c30fcf2c07d7fd0c3772d21dcdb827de2b2730b02df0af51/cryptography-43.0.0-cp37-abi3-musllinux_1_2_aarch64.whl", hash = "sha256:cc70b4b581f28d0a254d006f26949245e3657d40d8857066c2ae22a61222ef55", size = 3899133 },
    { url = "https://files.pythonhosted.org/packages/5e/64/f41f42ddc9c583737c9df0093affb92c61de7d5b0d299bf644524afe31c1/cryptography-43.0.0-cp37-abi3-musllinux_1_2_x86_64.whl", hash = "sha256:4a997df8c1c2aae1e1e5ac49c2e4f610ad037fc5a3aadc7b64e39dea42249431", size = 4096946 },
    { url = "https://files.pythonhosted.org/packages/cd/cd/d165adcf3e707d6a049d44ade6ca89973549bed0ab3686fa49efdeefea53/cryptography-43.0.0-cp37-abi3-win32.whl", hash = "sha256:6e2b11c55d260d03a8cf29ac9b5e0608d35f08077d8c087be96287f43af3ccdc", size = 2616826 },
    { url = "https://files.pythonhosted.org/packages/f9/b7/38924229e84c41b0e88d7a5eed8a29d05a44364f85fbb9ddb3984b746fd2/cryptography-43.0.0-cp37-abi3-win_amd64.whl", hash = "sha256:31e44a986ceccec3d0498e16f3d27b2ee5fdf69ce2ab89b52eaad1d2f33d8778", size = 3078700 },
    { url = "https://files.pythonhosted.org/packages/66/d7/397515233e6a861f921bd0365b162b38e0cc513fcf4f1bdd9cc7bc5a3384/cryptography-43.0.0-cp39-abi3-macosx_10_9_universal2.whl", hash = "sha256:7b3f5fe74a5ca32d4d0f302ffe6680fcc5c28f8ef0dc0ae8f40c0f3a1b4fca66", size = 6242814 },
    { url = "https://files.pythonhosted.org/packages/58/aa/99b2c00a4f54c60d210d6d1759c720ecf28305aa32d6fb1bb1853f415be6/cryptography-43.0.0-cp39-abi3-manylinux_2_17_aarch64.manylinux2014_aarch64.whl", hash = "sha256:ac1955ce000cb29ab40def14fd1bbfa7af2017cca696ee696925615cafd0dce5", size = 3809467 },
    { url = "https://files.pythonhosted.org/packages/76/eb/ab783b47b3b9b55371b4361c7ec695144bde1a3343ff2b7a8c1d8fe617bb/cryptography-43.0.0-cp39-abi3-manylinux_2_17_x86_64.manylinux2014_x86_64.whl", hash = "sha256:299d3da8e00b7e2b54bb02ef58d73cd5f55fb31f33ebbf33bd00d9aa6807df7e", size = 3998617 },
    { url = "https://files.pythonhosted.org/packages/a3/62/62770f34290ebb1b6542bd3f13b3b102875b90aed4804e296f8d2a5ac6d7/cryptography-43.0.0-cp39-abi3-manylinux_2_28_aarch64.whl", hash = "sha256:ee0c405832ade84d4de74b9029bedb7b31200600fa524d218fc29bfa371e97f5", size = 3794003 },
    { url = "https://files.pythonhosted.org/packages/0f/6c/b42660b3075ff543065b2c1c5a3d9bedaadcff8ebce2ee981be2babc2934/cryptography-43.0.0-cp39-abi3-manylinux_2_28_x86_64.whl", hash = "sha256:cb013933d4c127349b3948aa8aaf2f12c0353ad0eccd715ca789c8a0f671646f", size = 4008774 },
    { url = "https://files.pythonhosted.org/packages/f7/74/028cea86db9315ba3f991e307adabf9f0aa15067011137c38b2fb2aa16eb/cryptography-43.0.0-cp39-abi3-musllinux_1_2_aarch64.whl", hash = "sha256:fdcb265de28585de5b859ae13e3846a8e805268a823a12a4da2597f1f5afc9f0", size = 3900098 },
    { url = "https://files.pythonhosted.org/packages/bd/f6/e4387edb55563e2546028ba4c634522fe727693d3cdd9ec0ecacedc75411/cryptography-43.0.0-cp39-abi3-musllinux_1_2_x86_64.whl", hash = "sha256:2905ccf93a8a2a416f3ec01b1a7911c3fe4073ef35640e7ee5296754e30b762b", size = 4096867 },
    { url = "https://files.pythonhosted.org/packages/ce/61/55560405e75432bdd9f6cf72fa516cab623b83a3f6d230791bc8fc4afeee/cryptography-43.0.0-cp39-abi3-win32.whl", hash = "sha256:47ca71115e545954e6c1d207dd13461ab81f4eccfcb1345eac874828b5e3eaaf", size = 2616481 },
    { url = "https://files.pythonhosted.org/packages/e6/3d/696e7a0f04555c58a2813d47aaa78cb5ba863c1f453c74a4f45ae772b054/cryptography-43.0.0-cp39-abi3-win_amd64.whl", hash = "sha256:0663585d02f76929792470451a5ba64424acc3cd5227b03921dab0e2f27b1709", size = 3081462 },
]

[[package]]
name = "decorator"
version = "5.1.1"
source = { registry = "https://pypi.org/simple" }
sdist = { url = "https://files.pythonhosted.org/packages/66/0c/8d907af351aa16b42caae42f9d6aa37b900c67308052d10fdce809f8d952/decorator-5.1.1.tar.gz", hash = "sha256:637996211036b6385ef91435e4fae22989472f9d571faba8927ba8253acbc330", size = 35016 }
wheels = [
    { url = "https://files.pythonhosted.org/packages/d5/50/83c593b07763e1161326b3b8c6686f0f4b0f24d5526546bee538c89837d6/decorator-5.1.1-py3-none-any.whl", hash = "sha256:b8c3f85900b9dc423225913c5aace94729fe1fa9763b38939a95226f02d37186", size = 9073 },
]

[[package]]
name = "deprecated"
version = "1.2.14"
source = { registry = "https://pypi.org/simple" }
dependencies = [
    { name = "wrapt" },
]
sdist = { url = "https://files.pythonhosted.org/packages/92/14/1e41f504a246fc224d2ac264c227975427a85caf37c3979979edb9b1b232/Deprecated-1.2.14.tar.gz", hash = "sha256:e5323eb936458dccc2582dc6f9c322c852a775a27065ff2b0c4970b9d53d01b3", size = 2974416 }
wheels = [
    { url = "https://files.pythonhosted.org/packages/20/8d/778b7d51b981a96554f29136cd59ca7880bf58094338085bcf2a979a0e6a/Deprecated-1.2.14-py2.py3-none-any.whl", hash = "sha256:6fac8b097794a90302bdbb17b9b815e732d3c4720583ff1b198499d78470466c", size = 9561 },
]

[[package]]
name = "docker-remote-sync"
version = "0.6.1"
source = { editable = "." }
dependencies = [
    { name = "colorama" },
    { name = "fabric" },
]

[package.metadata]
requires-dist = [
    { name = "colorama" },
    { name = "fabric" },
]

[package.metadata.requires-dev]
dev = []

[[package]]
name = "fabric"
version = "3.2.2"
source = { registry = "https://pypi.org/simple" }
dependencies = [
    { name = "decorator" },
    { name = "deprecated" },
    { name = "invoke" },
    { name = "paramiko" },
]
sdist = { url = "https://files.pythonhosted.org/packages/0d/3f/337f278b70ba339c618a490f6b8033b7006c583bd197a897f12fbc468c51/fabric-3.2.2.tar.gz", hash = "sha256:8783ca42e3b0076f08b26901aac6b9d9b1f19c410074e7accfab902c184ff4a3", size = 183215 }
wheels = [
    { url = "https://files.pythonhosted.org/packages/d6/1f/e99e23ee01847147fa194e8d41cfcf2535a2dbfcb51414c541cadb15c5d7/fabric-3.2.2-py3-none-any.whl", hash = "sha256:91c47c0be68b14936c88b34da8a1f55e5710fd28397dac5d4ff2e21558113a6f", size = 59417 },
]

[[package]]
name = "invoke"
version = "2.2.0"
source = { registry = "https://pypi.org/simple" }
sdist = { url = "https://files.pythonhosted.org/packages/f9/42/127e6d792884ab860defc3f4d80a8f9812e48ace584ffc5a346de58cdc6c/invoke-2.2.0.tar.gz", hash = "sha256:ee6cbb101af1a859c7fe84f2a264c059020b0cb7fe3535f9424300ab568f6bd5", size = 299835 }
wheels = [
    { url = "https://files.pythonhosted.org/packages/0a/66/7f8c48009c72d73bc6bbe6eb87ac838d6a526146f7dab14af671121eb379/invoke-2.2.0-py3-none-any.whl", hash = "sha256:6ea924cc53d4f78e3d98bc436b08069a03077e6f85ad1ddaa8a116d7dad15820", size = 160274 },
]

[[package]]
name = "paramiko"
version = "3.4.1"
source = { registry = "https://pypi.org/simple" }
dependencies = [
    { name = "bcrypt" },
    { name = "cryptography" },
    { name = "pynacl" },
]
sdist = { url = "https://files.pythonhosted.org/packages/0b/6a/1d85cc9f5eaf49a769c7128039074bbb8127aba70756f05dfcf4326e72a1/paramiko-3.4.1.tar.gz", hash = "sha256:8b15302870af7f6652f2e038975c1d2973f06046cb5d7d65355668b3ecbece0c", size = 1703011 }
wheels = [
    { url = "https://files.pythonhosted.org/packages/96/6e/4a52a8923d840107024b844d83502dfa6a1e5399ad31cf9d1a4ddbaaa7e5/paramiko-3.4.1-py3-none-any.whl", hash = "sha256:8e49fd2f82f84acf7ffd57c64311aa2b30e575370dc23bdb375b10262f7eac32", size = 226224 },
]

[[package]]
name = "pycparser"
version = "2.22"
source = { registry = "https://pypi.org/simple" }
sdist = { url = "https://files.pythonhosted.org/packages/1d/b2/31537cf4b1ca988837256c910a668b553fceb8f069bedc4b1c826024b52c/pycparser-2.22.tar.gz", hash = "sha256:491c8be9c040f5390f5bf44a5b07752bd07f56edf992381b05c701439eec10f6", size = 172736 }
wheels = [
    { url = "https://files.pythonhosted.org/packages/13/a3/a812df4e2dd5696d1f351d58b8fe16a405b234ad2886a0dab9183fb78109/pycparser-2.22-py3-none-any.whl", hash = "sha256:c3702b6d3dd8c7abc1afa565d7e63d53a1d0bd86cdc24edd75470f4de499cfcc", size = 117552 },
]

[[package]]
name = "pynacl"
version = "1.5.0"
source = { registry = "https://pypi.org/simple" }
dependencies = [
    { name = "cffi" },
]
sdist = { url = "https://files.pythonhosted.org/packages/a7/22/27582568be639dfe22ddb3902225f91f2f17ceff88ce80e4db396c8986da/PyNaCl-1.5.0.tar.gz", hash = "sha256:8ac7448f09ab85811607bdd21ec2464495ac8b7c66d146bf545b0f08fb9220ba", size = 3392854 }
wheels = [
    { url = "https://files.pythonhosted.org/packages/ce/75/0b8ede18506041c0bf23ac4d8e2971b4161cd6ce630b177d0a08eb0d8857/PyNaCl-1.5.0-cp36-abi3-macosx_10_10_universal2.whl", hash = "sha256:401002a4aaa07c9414132aaed7f6836ff98f59277a234704ff66878c2ee4a0d1", size = 349920 },
    { url = "https://files.pythonhosted.org/packages/59/bb/fddf10acd09637327a97ef89d2a9d621328850a72f1fdc8c08bdf72e385f/PyNaCl-1.5.0-cp36-abi3-manylinux_2_17_aarch64.manylinux2014_aarch64.manylinux_2_24_aarch64.whl", hash = "sha256:52cb72a79269189d4e0dc537556f4740f7f0a9ec41c1322598799b0bdad4ef92", size = 601722 },
    { url = "https://files.pythonhosted.org/packages/5d/70/87a065c37cca41a75f2ce113a5a2c2aa7533be648b184ade58971b5f7ccc/PyNaCl-1.5.0-cp36-abi3-manylinux_2_17_aarch64.manylinux2014_aarch64.whl", hash = "sha256:a36d4a9dda1f19ce6e03c9a784a2921a4b726b02e1c736600ca9c22029474394", size = 680087 },
    { url = "https://files.pythonhosted.org/packages/ee/87/f1bb6a595f14a327e8285b9eb54d41fef76c585a0edef0a45f6fc95de125/PyNaCl-1.5.0-cp36-abi3-manylinux_2_17_x86_64.manylinux2014_x86_64.manylinux_2_24_x86_64.whl", hash = "sha256:0c84947a22519e013607c9be43706dd42513f9e6ae5d39d3613ca1e142fba44d", size = 856678 },
    { url = "https://files.pythonhosted.org/packages/66/28/ca86676b69bf9f90e710571b67450508484388bfce09acf8a46f0b8c785f/PyNaCl-1.5.0-cp36-abi3-manylinux_2_17_x86_64.manylinux2014_x86_64.whl", hash = "sha256:06b8f6fa7f5de8d5d2f7573fe8c863c051225a27b61e6860fd047b1775807858", size = 1133660 },
    { url = "https://files.pythonhosted.org/packages/3d/85/c262db650e86812585e2bc59e497a8f59948a005325a11bbbc9ecd3fe26b/PyNaCl-1.5.0-cp36-abi3-musllinux_1_1_aarch64.whl", hash = "sha256:a422368fc821589c228f4c49438a368831cb5bbc0eab5ebe1d7fac9dded6567b", size = 663824 },
    { url = "https://files.pythonhosted.org/packages/fd/1a/cc308a884bd299b651f1633acb978e8596c71c33ca85e9dc9fa33a5399b9/PyNaCl-1.5.0-cp36-abi3-musllinux_1_1_x86_64.whl", hash = "sha256:61f642bf2378713e2c2e1de73444a3778e5f0a38be6fee0fe532fe30060282ff", size = 1117912 },
    { url = "https://files.pythonhosted.org/packages/25/2d/b7df6ddb0c2a33afdb358f8af6ea3b8c4d1196ca45497dd37a56f0c122be/PyNaCl-1.5.0-cp36-abi3-win32.whl", hash = "sha256:e46dae94e34b085175f8abb3b0aaa7da40767865ac82c928eeb9e57e1ea8a543", size = 204624 },
    { url = "https://files.pythonhosted.org/packages/5e/22/d3db169895faaf3e2eda892f005f433a62db2decbcfbc2f61e6517adfa87/PyNaCl-1.5.0-cp36-abi3-win_amd64.whl", hash = "sha256:20f42270d27e1b6a29f54032090b972d97f0a1b0948cc52392041ef7831fee93", size = 212141 },
]

[[package]]
name = "wrapt"
version = "1.16.0"
source = { registry = "https://pypi.org/simple" }
sdist = { url = "https://files.pythonhosted.org/packages/95/4c/063a912e20bcef7124e0df97282a8af3ff3e4b603ce84c481d6d7346be0a/wrapt-1.16.0.tar.gz", hash = "sha256:5f370f952971e7d17c7d1ead40e49f32345a7f7a5373571ef44d800d06b1899d", size = 53972 }
wheels = [
    { url = "https://files.pythonhosted.org/packages/92/17/224132494c1e23521868cdd57cd1e903f3b6a7ba6996b7b8f077ff8ac7fe/wrapt-1.16.0-cp312-cp312-macosx_10_9_x86_64.whl", hash = "sha256:5eb404d89131ec9b4f748fa5cfb5346802e5ee8836f57d516576e61f304f3b7b", size = 37614 },
    { url = "https://files.pythonhosted.org/packages/6a/d7/cfcd73e8f4858079ac59d9db1ec5a1349bc486ae8e9ba55698cc1f4a1dff/wrapt-1.16.0-cp312-cp312-macosx_11_0_arm64.whl", hash = "sha256:9090c9e676d5236a6948330e83cb89969f433b1943a558968f659ead07cb3b36", size = 38316 },
    { url = "https://files.pythonhosted.org/packages/7e/79/5ff0a5c54bda5aec75b36453d06be4f83d5cd4932cc84b7cb2b52cee23e2/wrapt-1.16.0-cp312-cp312-manylinux_2_17_aarch64.manylinux2014_aarch64.whl", hash = "sha256:94265b00870aa407bd0cbcfd536f17ecde43b94fb8d228560a1e9d3041462d73", size = 86322 },
    { url = "https://files.pythonhosted.org/packages/c4/81/e799bf5d419f422d8712108837c1d9bf6ebe3cb2a81ad94413449543a923/wrapt-1.16.0-cp312-cp312-manylinux_2_5_i686.manylinux1_i686.manylinux_2_17_i686.manylinux2014_i686.whl", hash = "sha256:f2058f813d4f2b5e3a9eb2eb3faf8f1d99b81c3e51aeda4b168406443e8ba809", size = 79055 },
    { url = "https://files.pythonhosted.org/packages/62/62/30ca2405de6a20448ee557ab2cd61ab9c5900be7cbd18a2639db595f0b98/wrapt-1.16.0-cp312-cp312-manylinux_2_5_x86_64.manylinux1_x86_64.manylinux_2_17_x86_64.manylinux2014_x86_64.whl", hash = "sha256:98b5e1f498a8ca1858a1cdbffb023bfd954da4e3fa2c0cb5853d40014557248b", size = 87291 },
    { url = "https://files.pythonhosted.org/packages/49/4e/5d2f6d7b57fc9956bf06e944eb00463551f7d52fc73ca35cfc4c2cdb7aed/wrapt-1.16.0-cp312-cp312-musllinux_1_1_aarch64.whl", hash = "sha256:14d7dc606219cdd7405133c713f2c218d4252f2a469003f8c46bb92d5d095d81", size = 90374 },
    { url = "https://files.pythonhosted.org/packages/a6/9b/c2c21b44ff5b9bf14a83252a8b973fb84923764ff63db3e6dfc3895cf2e0/wrapt-1.16.0-cp312-cp312-musllinux_1_1_i686.whl", hash = "sha256:49aac49dc4782cb04f58986e81ea0b4768e4ff197b57324dcbd7699c5dfb40b9", size = 83896 },
    { url = "https://files.pythonhosted.org/packages/14/26/93a9fa02c6f257df54d7570dfe8011995138118d11939a4ecd82cb849613/wrapt-1.16.0-cp312-cp312-musllinux_1_1_x86_64.whl", hash = "sha256:418abb18146475c310d7a6dc71143d6f7adec5b004ac9ce08dc7a34e2babdc5c", size = 91738 },
    { url = "https://files.pythonhosted.org/packages/a2/5b/4660897233eb2c8c4de3dc7cefed114c61bacb3c28327e64150dc44ee2f6/wrapt-1.16.0-cp312-cp312-win32.whl", hash = "sha256:685f568fa5e627e93f3b52fda002c7ed2fa1800b50ce51f6ed1d572d8ab3e7fc", size = 35568 },
    { url = "https://files.pythonhosted.org/packages/5c/cc/8297f9658506b224aa4bd71906447dea6bb0ba629861a758c28f67428b91/wrapt-1.16.0-cp312-cp312-win_amd64.whl", hash = "sha256:dcdba5c86e368442528f7060039eda390cc4091bfd1dca41e8046af7c910dda8", size = 37653 },
    { url = "https://files.pythonhosted.org/packages/ff/21/abdedb4cdf6ff41ebf01a74087740a709e2edb146490e4d9beea054b0b7a/wrapt-1.16.0-py3-none-any.whl", hash = "sha256:6906c4100a8fcbf2fa735f6059214bb13b97f75b1a61777fcf6432121ef12ef1", size = 23362 },
]
